// !$*UTF8*$!
{
	archiveVersion = 1;
	classes = {
	};
	objectVersion = 46;
	objects = {

/* Begin PBXBuildFile section */
		22E42FDA13A8F3020053E0D2 /* UIKit.framework in Frameworks */ = {isa = PBXBuildFile; fileRef = 22E42FD913A8F3020053E0D2 /* UIKit.framework */; };
		22E42FDC13A8F3020053E0D2 /* Foundation.framework in Frameworks */ = {isa = PBXBuildFile; fileRef = 22E42FDB13A8F3020053E0D2 /* Foundation.framework */; };
		22E42FDE13A8F3020053E0D2 /* CoreGraphics.framework in Frameworks */ = {isa = PBXBuildFile; fileRef = 22E42FDD13A8F3020053E0D2 /* CoreGraphics.framework */; };
		22E42FE413A8F3020053E0D2 /* InfoPlist.strings in Resources */ = {isa = PBXBuildFile; fileRef = 22E42FE213A8F3020053E0D2 /* InfoPlist.strings */; };
		22E42FE713A8F3020053E0D2 /* main.m in Sources */ = {isa = PBXBuildFile; fileRef = 22E42FE613A8F3020053E0D2 /* main.m */; };
		22E42FEA13A8F3030053E0D2 /* SampleTFParserAppDelegate.m in Sources */ = {isa = PBXBuildFile; fileRef = 22E42FE913A8F3030053E0D2 /* SampleTFParserAppDelegate.m */; };
		22E42FED13A8F3030053E0D2 /* MainWindow.xib in Resources */ = {isa = PBXBuildFile; fileRef = 22E42FEB13A8F3030053E0D2 /* MainWindow.xib */; };
		22E42FF013A8F3030053E0D2 /* RootViewController.m in Sources */ = {isa = PBXBuildFile; fileRef = 22E42FEF13A8F3030053E0D2 /* RootViewController.m */; };
		22E42FF313A8F3030053E0D2 /* RootViewController.xib in Resources */ = {isa = PBXBuildFile; fileRef = 22E42FF113A8F3030053E0D2 /* RootViewController.xib */; };
		22E42FFF13A8F3380053E0D2 /* NSDataAdditions.m in Sources */ = {isa = PBXBuildFile; fileRef = 22E42FFC13A8F3380053E0D2 /* NSDataAdditions.m */; };
		22E4300013A8F3380053E0D2 /* TBXML.m in Sources */ = {isa = PBXBuildFile; fileRef = 22E42FFE13A8F3380053E0D2 /* TBXML.m */; };
		22E4300313A8F3690053E0D2 /* TFParser.m in Sources */ = {isa = PBXBuildFile; fileRef = 22E4300213A8F3690053E0D2 /* TFParser.m */; };
		22E4300513A8F3840053E0D2 /* libz.dylib in Frameworks */ = {isa = PBXBuildFile; fileRef = 22E4300413A8F3840053E0D2 /* libz.dylib */; };
/* End PBXBuildFile section */

/* Begin PBXFileReference section */
		22E42FD513A8F3020053E0D2 /* SampleTFParser.app */ = {isa = PBXFileReference; explicitFileType = wrapper.application; includeInIndex = 0; path = SampleTFParser.app; sourceTree = BUILT_PRODUCTS_DIR; };
		22E42FD913A8F3020053E0D2 /* UIKit.framework */ = {isa = PBXFileReference; lastKnownFileType = wrapper.framework; name = UIKit.framework; path = System/Library/Frameworks/UIKit.framework; sourceTree = SDKROOT; };
		22E42FDB13A8F3020053E0D2 /* Foundation.framework */ = {isa = PBXFileReference; lastKnownFileType = wrapper.framework; name = Foundation.framework; path = System/Library/Frameworks/Foundation.framework; sourceTree = SDKROOT; };
		22E42FDD13A8F3020053E0D2 /* CoreGraphics.framework */ = {isa = PBXFileReference; lastKnownFileType = wrapper.framework; name = CoreGraphics.framework; path = System/Library/Frameworks/CoreGraphics.framework; sourceTree = SDKROOT; };
		22E42FE113A8F3020053E0D2 /* SampleTFParser-Info.plist */ = {isa = PBXFileReference; lastKnownFileType = text.plist.xml; path = "SampleTFParser-Info.plist"; sourceTree = "<group>"; };
		22E42FE313A8F3020053E0D2 /* en */ = {isa = PBXFileReference; lastKnownFileType = text.plist.strings; name = en; path = en.lproj/InfoPlist.strings; sourceTree = "<group>"; };
		22E42FE513A8F3020053E0D2 /* SampleTFParser-Prefix.pch */ = {isa = PBXFileReference; lastKnownFileType = sourcecode.c.h; path = "SampleTFParser-Prefix.pch"; sourceTree = "<group>"; };
		22E42FE613A8F3020053E0D2 /* main.m */ = {isa = PBXFileReference; lastKnownFileType = sourcecode.c.objc; path = main.m; sourceTree = "<group>"; };
		22E42FE813A8F3030053E0D2 /* SampleTFParserAppDelegate.h */ = {isa = PBXFileReference; lastKnownFileType = sourcecode.c.h; path = SampleTFParserAppDelegate.h; sourceTree = "<group>"; };
		22E42FE913A8F3030053E0D2 /* SampleTFParserAppDelegate.m */ = {isa = PBXFileReference; lastKnownFileType = sourcecode.c.objc; path = SampleTFParserAppDelegate.m; sourceTree = "<group>"; };
		22E42FEC13A8F3030053E0D2 /* en */ = {isa = PBXFileReference; lastKnownFileType = file.xib; name = en; path = en.lproj/MainWindow.xib; sourceTree = "<group>"; };
		22E42FEE13A8F3030053E0D2 /* RootViewController.h */ = {isa = PBXFileReference; lastKnownFileType = sourcecode.c.h; path = RootViewController.h; sourceTree = "<group>"; };
		22E42FEF13A8F3030053E0D2 /* RootViewController.m */ = {isa = PBXFileReference; lastKnownFileType = sourcecode.c.objc; path = RootViewController.m; sourceTree = "<group>"; };
		22E42FF213A8F3030053E0D2 /* en */ = {isa = PBXFileReference; lastKnownFileType = file.xib; name = en; path = en.lproj/RootViewController.xib; sourceTree = "<group>"; };
		22E42FFB13A8F3380053E0D2 /* NSDataAdditions.h */ = {isa = PBXFileReference; fileEncoding = 4; lastKnownFileType = sourcecode.c.h; path = NSDataAdditions.h; sourceTree = "<group>"; };
		22E42FFC13A8F3380053E0D2 /* NSDataAdditions.m */ = {isa = PBXFileReference; fileEncoding = 4; lastKnownFileType = sourcecode.c.objc; path = NSDataAdditions.m; sourceTree = "<group>"; };
		22E42FFD13A8F3380053E0D2 /* TBXML.h */ = {isa = PBXFileReference; fileEncoding = 4; lastKnownFileType = sourcecode.c.h; path = TBXML.h; sourceTree = "<group>"; };
		22E42FFE13A8F3380053E0D2 /* TBXML.m */ = {isa = PBXFileReference; fileEncoding = 4; lastKnownFileType = sourcecode.c.objc; path = TBXML.m; sourceTree = "<group>"; };
		22E4300113A8F3690053E0D2 /* TFParser.h */ = {isa = PBXFileReference; fileEncoding = 4; lastKnownFileType = sourcecode.c.h; path = TFParser.h; sourceTree = "<group>"; };
		22E4300213A8F3690053E0D2 /* TFParser.m */ = {isa = PBXFileReference; fileEncoding = 4; lastKnownFileType = sourcecode.c.objc; path = TFParser.m; sourceTree = "<group>"; };
		22E4300413A8F3840053E0D2 /* libz.dylib */ = {isa = PBXFileReference; lastKnownFileType = "compiled.mach-o.dylib"; name = libz.dylib; path = usr/lib/libz.dylib; sourceTree = SDKROOT; };
/* End PBXFileReference section */

/* Begin PBXFrameworksBuildPhase section */
		22E42FD213A8F3020053E0D2 /* Frameworks */ = {
			isa = PBXFrameworksBuildPhase;
			buildActionMask = 2147483647;
			files = (
				22E4300513A8F3840053E0D2 /* libz.dylib in Frameworks */,
				22E42FDA13A8F3020053E0D2 /* UIKit.framework in Frameworks */,
				22E42FDC13A8F3020053E0D2 /* Foundation.framework in Frameworks */,
				22E42FDE13A8F3020053E0D2 /* CoreGraphics.framework in Frameworks */,
			);
			runOnlyForDeploymentPostprocessing = 0;
		};
/* End PBXFrameworksBuildPhase section */

/* Begin PBXGroup section */
		22E42FCA13A8F3020053E0D2 = {
			isa = PBXGroup;
			children = (
				22E42FDF13A8F3020053E0D2 /* SampleTFParser */,
				22E42FD813A8F3020053E0D2 /* Frameworks */,
				22E42FD613A8F3020053E0D2 /* Products */,
			);
			sourceTree = "<group>";
		};
		22E42FD613A8F3020053E0D2 /* Products */ = {
			isa = PBXGroup;
			children = (
				22E42FD513A8F3020053E0D2 /* SampleTFParser.app */,
			);
			name = Products;
			sourceTree = "<group>";
		};
		22E42FD813A8F3020053E0D2 /* Frameworks */ = {
			isa = PBXGroup;
			children = (
				22E42FD913A8F3020053E0D2 /* UIKit.framework */,
				22E42FDB13A8F3020053E0D2 /* Foundation.framework */,
				22E42FDD13A8F3020053E0D2 /* CoreGraphics.framework */,
			);
			name = Frameworks;
			sourceTree = "<group>";
		};
		22E42FDF13A8F3020053E0D2 /* SampleTFParser */ = {
			isa = PBXGroup;
			children = (
				22E42FF913A8F3160053E0D2 /* TFParser */,
				22E42FE813A8F3030053E0D2 /* SampleTFParserAppDelegate.h */,
				22E42FE913A8F3030053E0D2 /* SampleTFParserAppDelegate.m */,
				22E42FEB13A8F3030053E0D2 /* MainWindow.xib */,
				22E42FEE13A8F3030053E0D2 /* RootViewController.h */,
				22E42FEF13A8F3030053E0D2 /* RootViewController.m */,
				22E42FF113A8F3030053E0D2 /* RootViewController.xib */,
				22E42FE013A8F3020053E0D2 /* Supporting Files */,
			);
			path = SampleTFParser;
			sourceTree = "<group>";
		};
		22E42FE013A8F3020053E0D2 /* Supporting Files */ = {
			isa = PBXGroup;
			children = (
				22E42FE113A8F3020053E0D2 /* SampleTFParser-Info.plist */,
				22E42FE213A8F3020053E0D2 /* InfoPlist.strings */,
				22E42FE513A8F3020053E0D2 /* SampleTFParser-Prefix.pch */,
				22E42FE613A8F3020053E0D2 /* main.m */,
			);
			name = "Supporting Files";
			sourceTree = "<group>";
		};
		22E42FF913A8F3160053E0D2 /* TFParser */ = {
			isa = PBXGroup;
			children = (
				22E4300113A8F3690053E0D2 /* TFParser.h */,
				22E4300213A8F3690053E0D2 /* TFParser.m */,
				22E42FFA13A8F3200053E0D2 /* TBXML */,
			);
			name = TFParser;
			sourceTree = "<group>";
		};
		22E42FFA13A8F3200053E0D2 /* TBXML */ = {
			isa = PBXGroup;
			children = (
				22E4300413A8F3840053E0D2 /* libz.dylib */,
				22E42FFB13A8F3380053E0D2 /* NSDataAdditions.h */,
				22E42FFC13A8F3380053E0D2 /* NSDataAdditions.m */,
				22E42FFD13A8F3380053E0D2 /* TBXML.h */,
				22E42FFE13A8F3380053E0D2 /* TBXML.m */,
			);
			name = TBXML;
			sourceTree = "<group>";
		};
/* End PBXGroup section */

/* Begin PBXNativeTarget section */
		22E42FD413A8F3020053E0D2 /* SampleTFParser */ = {
			isa = PBXNativeTarget;
			buildConfigurationList = 22E42FF613A8F3030053E0D2 /* Build configuration list for PBXNativeTarget "SampleTFParser" */;
			buildPhases = (
				22E42FD113A8F3020053E0D2 /* Sources */,
				22E42FD213A8F3020053E0D2 /* Frameworks */,
				22E42FD313A8F3020053E0D2 /* Resources */,
			);
			buildRules = (
			);
			dependencies = (
			);
			name = SampleTFParser;
			productName = SampleTFParser;
			productReference = 22E42FD513A8F3020053E0D2 /* SampleTFParser.app */;
			productType = "com.apple.product-type.application";
		};
/* End PBXNativeTarget section */

/* Begin PBXProject section */
		22E42FCC13A8F3020053E0D2 /* Project object */ = {
			isa = PBXProject;
			buildConfigurationList = 22E42FCF13A8F3020053E0D2 /* Build configuration list for PBXProject "SampleTFParser" */;
			compatibilityVersion = "Xcode 3.2";
			developmentRegion = English;
			hasScannedForEncodings = 0;
			knownRegions = (
				en,
			);
			mainGroup = 22E42FCA13A8F3020053E0D2;
			productRefGroup = 22E42FD613A8F3020053E0D2 /* Products */;
			projectDirPath = "";
			projectRoot = "";
			targets = (
				22E42FD413A8F3020053E0D2 /* SampleTFParser */,
			);
		};
/* End PBXProject section */

/* Begin PBXResourcesBuildPhase section */
		22E42FD313A8F3020053E0D2 /* Resources */ = {
			isa = PBXResourcesBuildPhase;
			buildActionMask = 2147483647;
			files = (
				22E42FE413A8F3020053E0D2 /* InfoPlist.strings in Resources */,
				22E42FED13A8F3030053E0D2 /* MainWindow.xib in Resources */,
				22E42FF313A8F3030053E0D2 /* RootViewController.xib in Resources */,
			);
			runOnlyForDeploymentPostprocessing = 0;
		};
/* End PBXResourcesBuildPhase section */

/* Begin PBXSourcesBuildPhase section */
		22E42FD113A8F3020053E0D2 /* Sources */ = {
			isa = PBXSourcesBuildPhase;
			buildActionMask = 2147483647;
			files = (
				22E42FE713A8F3020053E0D2 /* main.m in Sources */,
				22E42FEA13A8F3030053E0D2 /* SampleTFParserAppDelegate.m in Sources */,
				22E42FF013A8F3030053E0D2 /* RootViewController.m in Sources */,
				22E42FFF13A8F3380053E0D2 /* NSDataAdditions.m in Sources */,
				22E4300013A8F3380053E0D2 /* TBXML.m in Sources */,
				22E4300313A8F3690053E0D2 /* TFParser.m in Sources */,
			);
			runOnlyForDeploymentPostprocessing = 0;
		};
/* End PBXSourcesBuildPhase section */

/* Begin PBXVariantGroup section */
		22E42FE213A8F3020053E0D2 /* InfoPlist.strings */ = {
			isa = PBXVariantGroup;
			children = (
				22E42FE313A8F3020053E0D2 /* en */,
			);
			name = InfoPlist.strings;
			sourceTree = "<group>";
		};
		22E42FEB13A8F3030053E0D2 /* MainWindow.xib */ = {
			isa = PBXVariantGroup;
			children = (
				22E42FEC13A8F3030053E0D2 /* en */,
			);
			name = MainWindow.xib;
			sourceTree = "<group>";
		};
		22E42FF113A8F3030053E0D2 /* RootViewController.xib */ = {
			isa = PBXVariantGroup;
			children = (
				22E42FF213A8F3030053E0D2 /* en */,
			);
			name = RootViewController.xib;
			sourceTree = "<group>";
		};
/* End PBXVariantGroup section */

/* Begin XCBuildConfiguration section */
		22E42FF413A8F3030053E0D2 /* Debug */ = {
			isa = XCBuildConfiguration;
			buildSettings = {
				ARCHS = "$(ARCHS_STANDARD_32_BIT)";
				"CODE_SIGN_IDENTITY[sdk=iphoneos*]" = "iPhone Developer";
				GCC_C_LANGUAGE_STANDARD = gnu99;
				GCC_OPTIMIZATION_LEVEL = 0;
				GCC_PREPROCESSOR_DEFINITIONS = DEBUG;
				GCC_SYMBOLS_PRIVATE_EXTERN = NO;
				GCC_VERSION = com.apple.compilers.llvmgcc42;
				GCC_WARN_ABOUT_RETURN_TYPE = YES;
				GCC_WARN_UNUSED_VARIABLE = YES;
				IPHONEOS_DEPLOYMENT_TARGET = 4.3;
				SDKROOT = iphoneos;
			};
			name = Debug;
		};
		22E42FF513A8F3030053E0D2 /* Release */ = {
			isa = XCBuildConfiguration;
			buildSettings = {
				ARCHS = "$(ARCHS_STANDARD_32_BIT)";
				"CODE_SIGN_IDENTITY[sdk=iphoneos*]" = "iPhone Developer";
				GCC_C_LANGUAGE_STANDARD = gnu99;
				GCC_VERSION = com.apple.compilers.llvmgcc42;
				GCC_WARN_ABOUT_RETURN_TYPE = YES;
				GCC_WARN_UNUSED_VARIABLE = YES;
				IPHONEOS_DEPLOYMENT_TARGET = 4.3;
				OTHER_CFLAGS = "-DNS_BLOCK_ASSERTIONS=1";
				SDKROOT = iphoneos;
			};
			name = Release;
		};
		22E42FF713A8F3030053E0D2 /* Debug */ = {
			isa = XCBuildConfiguration;
			buildSettings = {
				ALWAYS_SEARCH_USER_PATHS = NO;
				COPY_PHASE_STRIP = NO;
				GCC_DYNAMIC_NO_PIC = NO;
				GCC_PRECOMPILE_PREFIX_HEADER = YES;
				GCC_PREFIX_HEADER = "SampleTFParser/SampleTFParser-Prefix.pch";
				INFOPLIST_FILE = "SampleTFParser/SampleTFParser-Info.plist";
				PRODUCT_NAME = "$(TARGET_NAME)";
				WRAPPER_EXTENSION = app;
			};
			name = Debug;
		};
		22E42FF813A8F3030053E0D2 /* Release */ = {
			isa = XCBuildConfiguration;
			buildSettings = {
				ALWAYS_SEARCH_USER_PATHS = NO;
				COPY_PHASE_STRIP = YES;
				GCC_PRECOMPILE_PREFIX_HEADER = YES;
				GCC_PREFIX_HEADER = "SampleTFParser/SampleTFParser-Prefix.pch";
				INFOPLIST_FILE = "SampleTFParser/SampleTFParser-Info.plist";
				PRODUCT_NAME = "$(TARGET_NAME)";
				VALIDATE_PRODUCT = YES;
				WRAPPER_EXTENSION = app;
			};
			name = Release;
		};
/* End XCBuildConfiguration section */

/* Begin XCConfigurationList section */
		22E42FCF13A8F3020053E0D2 /* Build configuration list for PBXProject "SampleTFParser" */ = {
			isa = XCConfigurationList;
			buildConfigurations = (
				22E42FF413A8F3030053E0D2 /* Debug */,
				22E42FF513A8F3030053E0D2 /* Release */,
			);
			defaultConfigurationIsVisible = 0;
			defaultConfigurationName = Release;
		};
		22E42FF613A8F3030053E0D2 /* Build configuration list for PBXNativeTarget "SampleTFParser" */ = {
			isa = XCConfigurationList;
			buildConfigurations = (
				22E42FF713A8F3030053E0D2 /* Debug */,
				22E42FF813A8F3030053E0D2 /* Release */,
			);
			defaultConfigurationIsVisible = 0;
		};
/* End XCConfigurationList section */
	};
	rootObject = 22E42FCC13A8F3020053E0D2 /* Project object */;
}
